
Microsoft Visual Studio Solution File, Format Version 12.00
# Visual Studio Version 17
VisualStudioVersion = 17.5.33502.453
MinimumVisualStudioVersion = 10.0.40219.1
Project("{FAE04EC0-301F-11D3-BF4B-00C04F79EFBC}") = "XileConsole", "XileConsole\XileConsole.csproj", "{1E402397-6107-4A31-A668-C6B0E74E85AF}"
EndProject
Global
	GlobalSection(SolutionConfigurationPlatforms) = preSolution
		Debug|Any CPU = Debug|Any CPU
		Release|Any CPU = Release|Any CPU
	EndGlobalSection
	GlobalSection(ProjectConfigurationPlatforms) = postSolution
		{1E402397-6107-4A31-A668-C6B0E74E85AF}.Debug|Any CPU.ActiveCfg = Debug|Any CPU
		{1E402397-6107-4A31-A668-C6B0E74E85AF}.Debug|Any CPU.Build.0 = Debug|Any CPU
		{1E402397-6107-4A31-A668-C6B0E74E85AF}.Release|Any CPU.ActiveCfg = Release|Any CPU
		{1E402397-6107-4A31-A668-C6B0E74E85AF}.Release|Any CPU.Build.0 = Release|Any CPU
	EndGlobalSection
	GlobalSection(SolutionProperties) = preSolution
		HideSolutionNode = FALSE
	EndGlobalSection
	GlobalSection(ExtensibilityGlobals) = postSolution
		SolutionGuid = {49DED02E-9627-4594-BEEF-638AEFB6CC92}
	EndGlobalSection
EndGlobal
